// !$*UTF8*$!
{
	archiveVersion = 1;
	classes = {
	};
	objectVersion = 50;
	objects = {

/* Begin PBXBuildFile section */
		3740747820E218DA002C201D /* AppDelegate.swift in Sources */ = {isa = PBXBuildFile; fileRef = 3740747720E218DA002C201D /* AppDelegate.swift */; };
		3740747A20E218DA002C201D /* MainViewController.swift in Sources */ = {isa = PBXBuildFile; fileRef = 3740747920E218DA002C201D /* MainViewController.swift */; };
		3740747D20E218DA002C201D /* Main.storyboard in Resources */ = {isa = PBXBuildFile; fileRef = 3740747B20E218DA002C201D /* Main.storyboard */; };
		3740747F20E218DB002C201D /* Assets.xcassets in Resources */ = {isa = PBXBuildFile; fileRef = 3740747E20E218DB002C201D /* Assets.xcassets */; };
		3740748220E218DB002C201D /* LaunchScreen.storyboard in Resources */ = {isa = PBXBuildFile; fileRef = 3740748020E218DB002C201D /* LaunchScreen.storyboard */; };
		3740748B20E22159002C201D /* ApiManager.swift in Sources */ = {isa = PBXBuildFile; fileRef = 3740748A20E22159002C201D /* ApiManager.swift */; };
		3740748E20E22202002C201D /* Constants.swift in Sources */ = {isa = PBXBuildFile; fileRef = 3740748D20E22202002C201D /* Constants.swift */; };
		3740749120E226F8002C201D /* CurrencyProfile.swift in Sources */ = {isa = PBXBuildFile; fileRef = 3740749020E226F8002C201D /* CurrencyProfile.swift */; };
		3740749420E247F4002C201D /* CurrencyProfileCell.swift in Sources */ = {isa = PBXBuildFile; fileRef = 3740749320E247F4002C201D /* CurrencyProfileCell.swift */; };
		3755C22B20E6957B00D2AC9C /* DetailViewController.swift in Sources */ = {isa = PBXBuildFile; fileRef = 3755C22A20E6957B00D2AC9C /* DetailViewController.swift */; };
		377197F820E3F3D300C0A038 /* SettingsViewController.swift in Sources */ = {isa = PBXBuildFile; fileRef = 377197F720E3F3D300C0A038 /* SettingsViewController.swift */; };
		377197FA20E4048E00C0A038 /* Color.swift in Sources */ = {isa = PBXBuildFile; fileRef = 377197F920E4048E00C0A038 /* Color.swift */; };
		377197FD20E40E0A00C0A038 /* CustomSearchBar.swift in Sources */ = {isa = PBXBuildFile; fileRef = 377197FC20E40E0A00C0A038 /* CustomSearchBar.swift */; };
		377197FF20E411C700C0A038 /* CustomSearchController.swift in Sources */ = {isa = PBXBuildFile; fileRef = 377197FE20E411C700C0A038 /* CustomSearchController.swift */; };
		37F8AE4020E8C235006DFFD0 /* MainViewModel.swift in Sources */ = {isa = PBXBuildFile; fileRef = 37F8AE3F20E8C235006DFFD0 /* MainViewModel.swift */; };
		37F8AE4220E8D5C3006DFFD0 /* DetailViewModel.swift in Sources */ = {isa = PBXBuildFile; fileRef = 37F8AE4120E8D5C3006DFFD0 /* DetailViewModel.swift */; };
		7540327ABB3614E9F36B8DA1 /* Pods_Blocq_io.framework in Frameworks */ = {isa = PBXBuildFile; fileRef = 8B6CAF1063B640F6EEA36C33 /* Pods_Blocq_io.framework */; };
/* End PBXBuildFile section */

/* Begin PBXFileReference section */
		3740747420E218DA002C201D /* Blocq.io.app */ = {isa = PBXFileReference; explicitFileType = wrapper.application; includeInIndex = 0; path = Blocq.io.app; sourceTree = BUILT_PRODUCTS_DIR; };
		3740747720E218DA002C201D /* AppDelegate.swift */ = {isa = PBXFileReference; lastKnownFileType = sourcecode.swift; path = AppDelegate.swift; sourceTree = "<group>"; };
		3740747920E218DA002C201D /* MainViewController.swift */ = {isa = PBXFileReference; lastKnownFileType = sourcecode.swift; path = MainViewController.swift; sourceTree = "<group>"; };
		3740747C20E218DA002C201D /* Base */ = {isa = PBXFileReference; lastKnownFileType = file.storyboard; name = Base; path = Base.lproj/Main.storyboard; sourceTree = "<group>"; };
		3740747E20E218DB002C201D /* Assets.xcassets */ = {isa = PBXFileReference; lastKnownFileType = folder.assetcatalog; path = Assets.xcassets; sourceTree = "<group>"; };
		3740748120E218DB002C201D /* Base */ = {isa = PBXFileReference; lastKnownFileType = file.storyboard; name = Base; path = Base.lproj/LaunchScreen.storyboard; sourceTree = "<group>"; };
		3740748320E218DB002C201D /* Info.plist */ = {isa = PBXFileReference; lastKnownFileType = text.plist.xml; path = Info.plist; sourceTree = "<group>"; };
		3740748A20E22159002C201D /* ApiManager.swift */ = {isa = PBXFileReference; lastKnownFileType = sourcecode.swift; path = ApiManager.swift; sourceTree = "<group>"; };
		3740748D20E22202002C201D /* Constants.swift */ = {isa = PBXFileReference; lastKnownFileType = sourcecode.swift; path = Constants.swift; sourceTree = "<group>"; };
		3740749020E226F8002C201D /* CurrencyProfile.swift */ = {isa = PBXFileReference; lastKnownFileType = sourcecode.swift; path = CurrencyProfile.swift; sourceTree = "<group>"; };
		3740749320E247F4002C201D /* CurrencyProfileCell.swift */ = {isa = PBXFileReference; lastKnownFileType = sourcecode.swift; path = CurrencyProfileCell.swift; sourceTree = "<group>"; };
		3755C22A20E6957B00D2AC9C /* DetailViewController.swift */ = {isa = PBXFileReference; lastKnownFileType = sourcecode.swift; path = DetailViewController.swift; sourceTree = "<group>"; };
		377197F720E3F3D300C0A038 /* SettingsViewController.swift */ = {isa = PBXFileReference; lastKnownFileType = sourcecode.swift; path = SettingsViewController.swift; sourceTree = "<group>"; };
		377197F920E4048E00C0A038 /* Color.swift */ = {isa = PBXFileReference; lastKnownFileType = sourcecode.swift; path = Color.swift; sourceTree = "<group>"; };
		377197FC20E40E0A00C0A038 /* CustomSearchBar.swift */ = {isa = PBXFileReference; lastKnownFileType = sourcecode.swift; path = CustomSearchBar.swift; sourceTree = "<group>"; };
		377197FE20E411C700C0A038 /* CustomSearchController.swift */ = {isa = PBXFileReference; lastKnownFileType = sourcecode.swift; path = CustomSearchController.swift; sourceTree = "<group>"; };
		37F8AE3F20E8C235006DFFD0 /* MainViewModel.swift */ = {isa = PBXFileReference; lastKnownFileType = sourcecode.swift; path = MainViewModel.swift; sourceTree = "<group>"; };
		37F8AE4120E8D5C3006DFFD0 /* DetailViewModel.swift */ = {isa = PBXFileReference; lastKnownFileType = sourcecode.swift; path = DetailViewModel.swift; sourceTree = "<group>"; };
		88488C2E912859F381D6BF64 /* Pods-Blocq.io.release.xcconfig */ = {isa = PBXFileReference; includeInIndex = 1; lastKnownFileType = text.xcconfig; name = "Pods-Blocq.io.release.xcconfig"; path = "Pods/Target Support Files/Pods-Blocq.io/Pods-Blocq.io.release.xcconfig"; sourceTree = "<group>"; };
		8B6CAF1063B640F6EEA36C33 /* Pods_Blocq_io.framework */ = {isa = PBXFileReference; explicitFileType = wrapper.framework; includeInIndex = 0; path = Pods_Blocq_io.framework; sourceTree = BUILT_PRODUCTS_DIR; };
		DA0CF0C5A7354EFA4875681B /* Pods-Blocq.io.debug.xcconfig */ = {isa = PBXFileReference; includeInIndex = 1; lastKnownFileType = text.xcconfig; name = "Pods-Blocq.io.debug.xcconfig"; path = "Pods/Target Support Files/Pods-Blocq.io/Pods-Blocq.io.debug.xcconfig"; sourceTree = "<group>"; };
/* End PBXFileReference section */

/* Begin PBXFrameworksBuildPhase section */
		3740747120E218DA002C201D /* Frameworks */ = {
			isa = PBXFrameworksBuildPhase;
			buildActionMask = 2147483647;
			files = (
				7540327ABB3614E9F36B8DA1 /* Pods_Blocq_io.framework in Frameworks */,
			);
			runOnlyForDeploymentPostprocessing = 0;
		};
/* End PBXFrameworksBuildPhase section */

/* Begin PBXGroup section */
		3740746B20E218DA002C201D = {
			isa = PBXGroup;
			children = (
				3740747620E218DA002C201D /* Blocq.io */,
				3740747520E218DA002C201D /* Products */,
				B561ACBFCE08B11549AAA5C0 /* Pods */,
				E3FC6A6FB4DBD3F7613437D2 /* Frameworks */,
			);
			sourceTree = "<group>";
		};
		3740747520E218DA002C201D /* Products */ = {
			isa = PBXGroup;
			children = (
				3740747420E218DA002C201D /* Blocq.io.app */,
			);
			name = Products;
			sourceTree = "<group>";
		};
		3740747620E218DA002C201D /* Blocq.io */ = {
			isa = PBXGroup;
			children = (
				37F8AE3E20E8C1FE006DFFD0 /* COntrollers */,
				3740749220E247DC002C201D /* View */,
				3740748F20E226CC002C201D /* Models */,
				3740748C20E221EE002C201D /* Resources */,
				3740748920E21FF4002C201D /* Networking */,
				3740747720E218DA002C201D /* AppDelegate.swift */,
				3740747B20E218DA002C201D /* Main.storyboard */,
				3740747E20E218DB002C201D /* Assets.xcassets */,
				3740748020E218DB002C201D /* LaunchScreen.storyboard */,
				3740748320E218DB002C201D /* Info.plist */,
				377197F920E4048E00C0A038 /* Color.swift */,
			);
			path = Blocq.io;
			sourceTree = "<group>";
		};
		3740748920E21FF4002C201D /* Networking */ = {
			isa = PBXGroup;
			children = (
				3740748A20E22159002C201D /* ApiManager.swift */,
			);
			path = Networking;
			sourceTree = "<group>";
		};
		3740748C20E221EE002C201D /* Resources */ = {
			isa = PBXGroup;
			children = (
				3740748D20E22202002C201D /* Constants.swift */,
			);
			path = Resources;
			sourceTree = "<group>";
		};
		3740748F20E226CC002C201D /* Models */ = {
			isa = PBXGroup;
			children = (
				3740749020E226F8002C201D /* CurrencyProfile.swift */,
			);
			path = Models;
			sourceTree = "<group>";
		};
		3740749220E247DC002C201D /* View */ = {
			isa = PBXGroup;
			children = (
				377197FB20E40DD700C0A038 /* SearchBar */,
				3740749320E247F4002C201D /* CurrencyProfileCell.swift */,
			);
			path = View;
			sourceTree = "<group>";
		};
		377197FB20E40DD700C0A038 /* SearchBar */ = {
			isa = PBXGroup;
			children = (
				377197FC20E40E0A00C0A038 /* CustomSearchBar.swift */,
				377197FE20E411C700C0A038 /* CustomSearchController.swift */,
			);
			path = SearchBar;
			sourceTree = "<group>";
		};
		37F8AE3E20E8C1FE006DFFD0 /* COntrollers */ = {
			isa = PBXGroup;
			children = (
				3740747920E218DA002C201D /* MainViewController.swift */,
				377197F720E3F3D300C0A038 /* SettingsViewController.swift */,
				3755C22A20E6957B00D2AC9C /* DetailViewController.swift */,
				37F8AE3F20E8C235006DFFD0 /* MainViewModel.swift */,
				37F8AE4120E8D5C3006DFFD0 /* DetailViewModel.swift */,
			);
			path = COntrollers;
			sourceTree = "<group>";
		};
		B561ACBFCE08B11549AAA5C0 /* Pods */ = {
			isa = PBXGroup;
			children = (
				DA0CF0C5A7354EFA4875681B /* Pods-Blocq.io.debug.xcconfig */,
				88488C2E912859F381D6BF64 /* Pods-Blocq.io.release.xcconfig */,
			);
			name = Pods;
			sourceTree = "<group>";
		};
		E3FC6A6FB4DBD3F7613437D2 /* Frameworks */ = {
			isa = PBXGroup;
			children = (
				8B6CAF1063B640F6EEA36C33 /* Pods_Blocq_io.framework */,
			);
			name = Frameworks;
			sourceTree = "<group>";
		};
/* End PBXGroup section */

/* Begin PBXNativeTarget section */
		3740747320E218DA002C201D /* Blocq.io */ = {
			isa = PBXNativeTarget;
			buildConfigurationList = 3740748620E218DB002C201D /* Build configuration list for PBXNativeTarget "Blocq.io" */;
			buildPhases = (
				7FD67FD76E659B7437587F88 /* [CP] Check Pods Manifest.lock */,
				3740747020E218DA002C201D /* Sources */,
				3740747120E218DA002C201D /* Frameworks */,
				3740747220E218DA002C201D /* Resources */,
				64EFF6B768F0A10871BA938F /* [CP] Embed Pods Frameworks */,
			);
			buildRules = (
			);
			dependencies = (
			);
			name = Blocq.io;
			productName = Blocq.io;
			productReference = 3740747420E218DA002C201D /* Blocq.io.app */;
			productType = "com.apple.product-type.application";
		};
/* End PBXNativeTarget section */

/* Begin PBXProject section */
		3740746C20E218DA002C201D /* Project object */ = {
			isa = PBXProject;
			attributes = {
				LastSwiftUpdateCheck = 0940;
				LastUpgradeCheck = 0940;
				ORGANIZATIONNAME = Blocq.io;
				TargetAttributes = {
					3740747320E218DA002C201D = {
						CreatedOnToolsVersion = 9.4;
					};
				};
			};
			buildConfigurationList = 3740746F20E218DA002C201D /* Build configuration list for PBXProject "Blocq.io" */;
			compatibilityVersion = "Xcode 9.3";
			developmentRegion = en;
			hasScannedForEncodings = 0;
			knownRegions = (
				en,
				Base,
			);
			mainGroup = 3740746B20E218DA002C201D;
			productRefGroup = 3740747520E218DA002C201D /* Products */;
			projectDirPath = "";
			projectRoot = "";
			targets = (
				3740747320E218DA002C201D /* Blocq.io */,
			);
		};
/* End PBXProject section */

/* Begin PBXResourcesBuildPhase section */
		3740747220E218DA002C201D /* Resources */ = {
			isa = PBXResourcesBuildPhase;
			buildActionMask = 2147483647;
			files = (
				3740748220E218DB002C201D /* LaunchScreen.storyboard in Resources */,
				3740747F20E218DB002C201D /* Assets.xcassets in Resources */,
				3740747D20E218DA002C201D /* Main.storyboard in Resources */,
			);
			runOnlyForDeploymentPostprocessing = 0;
		};
/* End PBXResourcesBuildPhase section */

/* Begin PBXShellScriptBuildPhase section */
		64EFF6B768F0A10871BA938F /* [CP] Embed Pods Frameworks */ = {
			isa = PBXShellScriptBuildPhase;
			buildActionMask = 2147483647;
			files = (
			);
			inputPaths = (
				"${SRCROOT}/Pods/Target Support Files/Pods-Blocq.io/Pods-Blocq.io-frameworks.sh",
				"${BUILT_PRODUCTS_DIR}/Alamofire/Alamofire.framework",
				"${BUILT_PRODUCTS_DIR}/Charts/Charts.framework",
				"${BUILT_PRODUCTS_DIR}/Kingfisher/Kingfisher.framework",
				"${BUILT_PRODUCTS_DIR}/ReactiveCocoa/ReactiveCocoa.framework",
				"${BUILT_PRODUCTS_DIR}/ReactiveSwift/ReactiveSwift.framework",
				"${BUILT_PRODUCTS_DIR}/Result/Result.framework",
			);
			name = "[CP] Embed Pods Frameworks";
			outputPaths = (
				"${TARGET_BUILD_DIR}/${FRAMEWORKS_FOLDER_PATH}/Alamofire.framework",
				"${TARGET_BUILD_DIR}/${FRAMEWORKS_FOLDER_PATH}/Charts.framework",
				"${TARGET_BUILD_DIR}/${FRAMEWORKS_FOLDER_PATH}/Kingfisher.framework",
				"${TARGET_BUILD_DIR}/${FRAMEWORKS_FOLDER_PATH}/ReactiveCocoa.framework",
				"${TARGET_BUILD_DIR}/${FRAMEWORKS_FOLDER_PATH}/ReactiveSwift.framework",
				"${TARGET_BUILD_DIR}/${FRAMEWORKS_FOLDER_PATH}/Result.framework",
			);
			runOnlyForDeploymentPostprocessing = 0;
			shellPath = /bin/sh;
			shellScript = "\"${SRCROOT}/Pods/Target Support Files/Pods-Blocq.io/Pods-Blocq.io-frameworks.sh\"\n";
			showEnvVarsInLog = 0;
		};
		7FD67FD76E659B7437587F88 /* [CP] Check Pods Manifest.lock */ = {
			isa = PBXShellScriptBuildPhase;
			buildActionMask = 2147483647;
			files = (
			);
			inputPaths = (
				"${PODS_PODFILE_DIR_PATH}/Podfile.lock",
				"${PODS_ROOT}/Manifest.lock",
			);
			name = "[CP] Check Pods Manifest.lock";
			outputPaths = (
				"$(DERIVED_FILE_DIR)/Pods-Blocq.io-checkManifestLockResult.txt",
			);
			runOnlyForDeploymentPostprocessing = 0;
			shellPath = /bin/sh;
			shellScript = "diff \"${PODS_PODFILE_DIR_PATH}/Podfile.lock\" \"${PODS_ROOT}/Manifest.lock\" > /dev/null\nif [ $? != 0 ] ; then\n    # print error to STDERR\n    echo \"error: The sandbox is not in sync with the Podfile.lock. Run 'pod install' or update your CocoaPods installation.\" >&2\n    exit 1\nfi\n# This output is used by Xcode 'outputs' to avoid re-running this script phase.\necho \"SUCCESS\" > \"${SCRIPT_OUTPUT_FILE_0}\"\n";
			showEnvVarsInLog = 0;
		};
/* End PBXShellScriptBuildPhase section */

/* Begin PBXSourcesBuildPhase section */
		3740747020E218DA002C201D /* Sources */ = {
			isa = PBXSourcesBuildPhase;
			buildActionMask = 2147483647;
			files = (
				3755C22B20E6957B00D2AC9C /* DetailViewController.swift in Sources */,
				377197FF20E411C700C0A038 /* CustomSearchController.swift in Sources */,
				3740749120E226F8002C201D /* CurrencyProfile.swift in Sources */,
				3740747A20E218DA002C201D /* MainViewController.swift in Sources */,
				377197F820E3F3D300C0A038 /* SettingsViewController.swift in Sources */,
				3740748B20E22159002C201D /* ApiManager.swift in Sources */,
				3740747820E218DA002C201D /* AppDelegate.swift in Sources */,
				377197FD20E40E0A00C0A038 /* CustomSearchBar.swift in Sources */,
				377197FA20E4048E00C0A038 /* Color.swift in Sources */,
				37F8AE4220E8D5C3006DFFD0 /* DetailViewModel.swift in Sources */,
				3740749420E247F4002C201D /* CurrencyProfileCell.swift in Sources */,
				3740748E20E22202002C201D /* Constants.swift in Sources */,
				37F8AE4020E8C235006DFFD0 /* MainViewModel.swift in Sources */,
			);
			runOnlyForDeploymentPostprocessing = 0;
		};
/* End PBXSourcesBuildPhase section */

/* Begin PBXVariantGroup section */
		3740747B20E218DA002C201D /* Main.storyboard */ = {
			isa = PBXVariantGroup;
			children = (
				3740747C20E218DA002C201D /* Base */,
			);
			name = Main.storyboard;
			sourceTree = "<group>";
		};
		3740748020E218DB002C201D /* LaunchScreen.storyboard */ = {
			isa = PBXVariantGroup;
			children = (
				3740748120E218DB002C201D /* Base */,
			);
			name = LaunchScreen.storyboard;
			sourceTree = "<group>";
		};
/* End PBXVariantGroup section */

/* Begin XCBuildConfiguration section */
		3740748420E218DB002C201D /* Debug */ = {
			isa = XCBuildConfiguration;
			buildSettings = {
				ALWAYS_SEARCH_USER_PATHS = NO;
				CLANG_ANALYZER_NONNULL = YES;
				CLANG_ANALYZER_NUMBER_OBJECT_CONVERSION = YES_AGGRESSIVE;
				CLANG_CXX_LANGUAGE_STANDARD = "gnu++14";
				CLANG_CXX_LIBRARY = "libc++";
				CLANG_ENABLE_MODULES = YES;
				CLANG_ENABLE_OBJC_ARC = YES;
				CLANG_ENABLE_OBJC_WEAK = YES;
				CLANG_WARN_BLOCK_CAPTURE_AUTORELEASING = YES;
				CLANG_WARN_BOOL_CONVERSION = YES;
				CLANG_WARN_COMMA = YES;
				CLANG_WARN_CONSTANT_CONVERSION = YES;
				CLANG_WARN_DEPRECATED_OBJC_IMPLEMENTATIONS = YES;
				CLANG_WARN_DIRECT_OBJC_ISA_USAGE = YES_ERROR;
				CLANG_WARN_DOCUMENTATION_COMMENTS = YES;
				CLANG_WARN_EMPTY_BODY = YES;
				CLANG_WARN_ENUM_CONVERSION = YES;
				CLANG_WARN_INFINITE_RECURSION = YES;
				CLANG_WARN_INT_CONVERSION = YES;
				CLANG_WARN_NON_LITERAL_NULL_CONVERSION = YES;
				CLANG_WARN_OBJC_IMPLICIT_RETAIN_SELF = YES;
				CLANG_WARN_OBJC_LITERAL_CONVERSION = YES;
				CLANG_WARN_OBJC_ROOT_CLASS = YES_ERROR;
				CLANG_WARN_RANGE_LOOP_ANALYSIS = YES;
				CLANG_WARN_STRICT_PROTOTYPES = YES;
				CLANG_WARN_SUSPICIOUS_MOVE = YES;
				CLANG_WARN_UNGUARDED_AVAILABILITY = YES_AGGRESSIVE;
				CLANG_WARN_UNREACHABLE_CODE = YES;
				CLANG_WARN__DUPLICATE_METHOD_MATCH = YES;
				CODE_SIGN_IDENTITY = "iPhone Developer";
				COPY_PHASE_STRIP = NO;
				DEBUG_INFORMATION_FORMAT = dwarf;
				ENABLE_STRICT_OBJC_MSGSEND = YES;
				ENABLE_TESTABILITY = YES;
				GCC_C_LANGUAGE_STANDARD = gnu11;
				GCC_DYNAMIC_NO_PIC = NO;
				GCC_NO_COMMON_BLOCKS = YES;
				GCC_OPTIMIZATION_LEVEL = 0;
				GCC_PREPROCESSOR_DEFINITIONS = (
					"DEBUG=1",
					"$(inherited)",
				);
				GCC_WARN_64_TO_32_BIT_CONVERSION = YES;
				GCC_WARN_ABOUT_RETURN_TYPE = YES_ERROR;
				GCC_WARN_UNDECLARED_SELECTOR = YES;
				GCC_WARN_UNINITIALIZED_AUTOS = YES_AGGRESSIVE;
				GCC_WARN_UNUSED_FUNCTION = YES;
				GCC_WARN_UNUSED_VARIABLE = YES;
				IPHONEOS_DEPLOYMENT_TARGET = 11.4;
				MTL_ENABLE_DEBUG_INFO = YES;
				ONLY_ACTIVE_ARCH = YES;
				SDKROOT = iphoneos;
				SWIFT_ACTIVE_COMPILATION_CONDITIONS = DEBUG;
				SWIFT_OPTIMIZATION_LEVEL = "-Onone";
			};
			name = Debug;
		};
		3740748520E218DB002C201D /* Release */ = {
			isa = XCBuildConfiguration;
			buildSettings = {
				ALWAYS_SEARCH_USER_PATHS = NO;
				CLANG_ANALYZER_NONNULL = YES;
				CLANG_ANALYZER_NUMBER_OBJECT_CONVERSION = YES_AGGRESSIVE;
				CLANG_CXX_LANGUAGE_STANDARD = "gnu++14";
				CLANG_CXX_LIBRARY = "libc++";
				CLANG_ENABLE_MODULES = YES;
				CLANG_ENABLE_OBJC_ARC = YES;
				CLANG_ENABLE_OBJC_WEAK = YES;
				CLANG_WARN_BLOCK_CAPTURE_AUTORELEASING = YES;
				CLANG_WARN_BOOL_CONVERSION = YES;
				CLANG_WARN_COMMA = YES;
				CLANG_WARN_CONSTANT_CONVERSION = YES;
				CLANG_WARN_DEPRECATED_OBJC_IMPLEMENTATIONS = YES;
				CLANG_WARN_DIRECT_OBJC_ISA_USAGE = YES_ERROR;
				CLANG_WARN_DOCUMENTATION_COMMENTS = YES;
				CLANG_WARN_EMPTY_BODY = YES;
				CLANG_WARN_ENUM_CONVERSION = YES;
				CLANG_WARN_INFINITE_RECURSION = YES;
				CLANG_WARN_INT_CONVERSION = YES;
				CLANG_WARN_NON_LITERAL_NULL_CONVERSION = YES;
				CLANG_WARN_OBJC_IMPLICIT_RETAIN_SELF = YES;
				CLANG_WARN_OBJC_LITERAL_CONVERSION = YES;
				CLANG_WARN_OBJC_ROOT_CLASS = YES_ERROR;
				CLANG_WARN_RANGE_LOOP_ANALYSIS = YES;
				CLANG_WARN_STRICT_PROTOTYPES = YES;
				CLANG_WARN_SUSPICIOUS_MOVE = YES;
				CLANG_WARN_UNGUARDED_AVAILABILITY = YES_AGGRESSIVE;
				CLANG_WARN_UNREACHABLE_CODE = YES;
				CLANG_WARN__DUPLICATE_METHOD_MATCH = YES;
				CODE_SIGN_IDENTITY = "iPhone Developer";
				COPY_PHASE_STRIP = NO;
				DEBUG_INFORMATION_FORMAT = "dwarf-with-dsym";
				ENABLE_NS_ASSERTIONS = NO;
				ENABLE_STRICT_OBJC_MSGSEND = YES;
				GCC_C_LANGUAGE_STANDARD = gnu11;
				GCC_NO_COMMON_BLOCKS = YES;
				GCC_WARN_64_TO_32_BIT_CONVERSION = YES;
				GCC_WARN_ABOUT_RETURN_TYPE = YES_ERROR;
				GCC_WARN_UNDECLARED_SELECTOR = YES;
				GCC_WARN_UNINITIALIZED_AUTOS = YES_AGGRESSIVE;
				GCC_WARN_UNUSED_FUNCTION = YES;
				GCC_WARN_UNUSED_VARIABLE = YES;
				IPHONEOS_DEPLOYMENT_TARGET = 11.4;
				MTL_ENABLE_DEBUG_INFO = NO;
				SDKROOT = iphoneos;
				SWIFT_COMPILATION_MODE = wholemodule;
				SWIFT_OPTIMIZATION_LEVEL = "-O";
				VALIDATE_PRODUCT = YES;
			};
			name = Release;
		};
		3740748720E218DB002C201D /* Debug */ = {
			isa = XCBuildConfiguration;
			baseConfigurationReference = DA0CF0C5A7354EFA4875681B /* Pods-Blocq.io.debug.xcconfig */;
			buildSettings = {
				ASSETCATALOG_COMPILER_APPICON_NAME = AppIcon;
				CODE_SIGN_STYLE = Automatic;
				DEVELOPMENT_TEAM = A9YN63GW95;
				INFOPLIST_FILE = Blocq.io/Info.plist;
				IPHONEOS_DEPLOYMENT_TARGET = 11.0;
				LD_RUNPATH_SEARCH_PATHS = (
					"$(inherited)",
					"@executable_path/Frameworks",
				);
				PRODUCT_BUNDLE_IDENTIFIER = "sk.michal.lucansky.Blocq-io";
				PRODUCT_NAME = "$(TARGET_NAME)";
				SWIFT_VERSION = 4.0;
				TARGETED_DEVICE_FAMILY = "1,2";
			};
			name = Debug;
		};
		3740748820E218DB002C201D /* Release */ = {
			isa = XCBuildConfiguration;
			baseConfigurationReference = 88488C2E912859F381D6BF64 /* Pods-Blocq.io.release.xcconfig */;
			buildSettings = {
				ASSETCATALOG_COMPILER_APPICON_NAME = AppIcon;
				CODE_SIGN_STYLE = Automatic;
				DEVELOPMENT_TEAM = A9YN63GW95;
				INFOPLIST_FILE = Blocq.io/Info.plist;
				IPHONEOS_DEPLOYMENT_TARGET = 11.0;
				LD_RUNPATH_SEARCH_PATHS = (
					"$(inherited)",
					"@executable_path/Frameworks",
				);
				PRODUCT_BUNDLE_IDENTIFIER = "sk.michal.lucansky.Blocq-io";
				PRODUCT_NAME = "$(TARGET_NAME)";
				SWIFT_VERSION = 4.0;
				TARGETED_DEVICE_FAMILY = "1,2";
			};
			name = Release;
		};
/* End XCBuildConfiguration section */

/* Begin XCConfigurationList section */
		3740746F20E218DA002C201D /* Build configuration list for PBXProject "Blocq.io" */ = {
			isa = XCConfigurationList;
			buildConfigurations = (
				3740748420E218DB002C201D /* Debug */,
				3740748520E218DB002C201D /* Release */,
			);
			defaultConfigurationIsVisible = 0;
			defaultConfigurationName = Release;
		};
		3740748620E218DB002C201D /* Build configuration list for PBXNativeTarget "Blocq.io" */ = {
			isa = XCConfigurationList;
			buildConfigurations = (
				3740748720E218DB002C201D /* Debug */,
				3740748820E218DB002C201D /* Release */,
			);
			defaultConfigurationIsVisible = 0;
			defaultConfigurationName = Release;
		};
/* End XCConfigurationList section */
	};
	rootObject = 3740746C20E218DA002C201D /* Project object */;
}
